
Microsoft Visual Studio Solution File, Format Version 12.00
# Visual Studio Version 16
VisualStudioVersion = 16.0.30320.27
MinimumVisualStudioVersion = 10.0.40219.1
Project("{FAE04EC0-301F-11D3-BF4B-00C04F79EFBC}") = "TwoSum", "TwoSum\TwoSum.csproj", "{F25F2991-F3E1-4CE9-9953-066168A24BD8}"
EndProject
Project("{FAE04EC0-301F-11D3-BF4B-00C04F79EFBC}") = "TwoSumTest", "TwoSumTest\TwoSumTest.csproj", "{F804D318-A31B-48C1-AA69-061E753F2148}"
EndProject
Global
	GlobalSection(SolutionConfigurationPlatforms) = preSolution
		Debug|Any CPU = Debug|Any CPU
		Release|Any CPU = Release|Any CPU
	EndGlobalSection
	GlobalSection(ProjectConfigurationPlatforms) = postSolution
		{F25F2991-F3E1-4CE9-9953-066168A24BD8}.Debug|Any CPU.ActiveCfg = Debug|Any CPU
		{F25F2991-F3E1-4CE9-9953-066168A24BD8}.Debug|Any CPU.Build.0 = Debug|Any CPU
		{F25F2991-F3E1-4CE9-9953-066168A24BD8}.Release|Any CPU.ActiveCfg = Release|Any CPU
		{F25F2991-F3E1-4CE9-9953-066168A24BD8}.Release|Any CPU.Build.0 = Release|Any CPU
		{F804D318-A31B-48C1-AA69-061E753F2148}.Debug|Any CPU.ActiveCfg = Debug|Any CPU
		{F804D318-A31B-48C1-AA69-061E753F2148}.Debug|Any CPU.Build.0 = Debug|Any CPU
		{F804D318-A31B-48C1-AA69-061E753F2148}.Release|Any CPU.ActiveCfg = Release|Any CPU
		{F804D318-A31B-48C1-AA69-061E753F2148}.Release|Any CPU.Build.0 = Release|Any CPU
	EndGlobalSection
	GlobalSection(SolutionProperties) = preSolution
		HideSolutionNode = FALSE
	EndGlobalSection
	GlobalSection(ExtensibilityGlobals) = postSolution
		SolutionGuid = {859853CA-7E37-41E8-9A8E-120533171AD9}
	EndGlobalSection
EndGlobal
