
Microsoft Visual Studio Solution File, Format Version 12.00
# Visual Studio Version 16
VisualStudioVersion = 16.0.30320.27
MinimumVisualStudioVersion = 10.0.40219.1
Project("{FAE04EC0-301F-11D3-BF4B-00C04F79EFBC}") = "DecoratorStream", "DecoratorStream\DecoratorStream.csproj", "{386FE402-C0BC-47A7-9951-FF5428E6911F}"
EndProject
Global
	GlobalSection(SolutionConfigurationPlatforms) = preSolution
		Debug|Any CPU = Debug|Any CPU
		Release|Any CPU = Release|Any CPU
	EndGlobalSection
	GlobalSection(ProjectConfigurationPlatforms) = postSolution
		{386FE402-C0BC-47A7-9951-FF5428E6911F}.Debug|Any CPU.ActiveCfg = Debug|Any CPU
		{386FE402-C0BC-47A7-9951-FF5428E6911F}.Debug|Any CPU.Build.0 = Debug|Any CPU
		{386FE402-C0BC-47A7-9951-FF5428E6911F}.Release|Any CPU.ActiveCfg = Release|Any CPU
		{386FE402-C0BC-47A7-9951-FF5428E6911F}.Release|Any CPU.Build.0 = Release|Any CPU
	EndGlobalSection
	GlobalSection(SolutionProperties) = preSolution
		HideSolutionNode = FALSE
	EndGlobalSection
	GlobalSection(ExtensibilityGlobals) = postSolution
		SolutionGuid = {261C1A50-5A85-4C24-BF43-72DE75E653AB}
	EndGlobalSection
EndGlobal
