
Microsoft Visual Studio Solution File, Format Version 12.00
# Visual Studio Version 16
VisualStudioVersion = 16.0.30320.27
MinimumVisualStudioVersion = 10.0.40219.1
Project("{FAE04EC0-301F-11D3-BF4B-00C04F79EFBC}") = "MergeNames", "MergeNames\MergeNames.csproj", "{50B0EE66-F0A4-4F33-BA9F-BDE6DA75F457}"
EndProject
Project("{FAE04EC0-301F-11D3-BF4B-00C04F79EFBC}") = "MergeNamesTest", "MergeNamesTest\MergeNamesTest.csproj", "{460C4D74-4B34-45F5-86F5-3B444A6E1FA6}"
EndProject
Global
	GlobalSection(SolutionConfigurationPlatforms) = preSolution
		Debug|Any CPU = Debug|Any CPU
		Release|Any CPU = Release|Any CPU
	EndGlobalSection
	GlobalSection(ProjectConfigurationPlatforms) = postSolution
		{50B0EE66-F0A4-4F33-BA9F-BDE6DA75F457}.Debug|Any CPU.ActiveCfg = Debug|Any CPU
		{50B0EE66-F0A4-4F33-BA9F-BDE6DA75F457}.Debug|Any CPU.Build.0 = Debug|Any CPU
		{50B0EE66-F0A4-4F33-BA9F-BDE6DA75F457}.Release|Any CPU.ActiveCfg = Release|Any CPU
		{50B0EE66-F0A4-4F33-BA9F-BDE6DA75F457}.Release|Any CPU.Build.0 = Release|Any CPU
		{460C4D74-4B34-45F5-86F5-3B444A6E1FA6}.Debug|Any CPU.ActiveCfg = Debug|Any CPU
		{460C4D74-4B34-45F5-86F5-3B444A6E1FA6}.Debug|Any CPU.Build.0 = Debug|Any CPU
		{460C4D74-4B34-45F5-86F5-3B444A6E1FA6}.Release|Any CPU.ActiveCfg = Release|Any CPU
		{460C4D74-4B34-45F5-86F5-3B444A6E1FA6}.Release|Any CPU.Build.0 = Release|Any CPU
	EndGlobalSection
	GlobalSection(SolutionProperties) = preSolution
		HideSolutionNode = FALSE
	EndGlobalSection
	GlobalSection(ExtensibilityGlobals) = postSolution
		SolutionGuid = {92A832C8-7877-4CC5-9EEE-5C3A08E09D16}
	EndGlobalSection
EndGlobal
