
Microsoft Visual Studio Solution File, Format Version 12.00
# Visual Studio Version 16
VisualStudioVersion = 16.0.30320.27
MinimumVisualStudioVersion = 10.0.40219.1
Project("{FAE04EC0-301F-11D3-BF4B-00C04F79EFBC}") = "SortedSearch", "SortedSearch\SortedSearch.csproj", "{671EB045-32BC-4F0A-8F27-6162BC8550B4}"
EndProject
Project("{FAE04EC0-301F-11D3-BF4B-00C04F79EFBC}") = "SortedSearchTest", "SortedSearchTest\SortedSearchTest.csproj", "{5C66BB26-59C3-49E1-B637-ED1B0B77C32A}"
EndProject
Global
	GlobalSection(SolutionConfigurationPlatforms) = preSolution
		Debug|Any CPU = Debug|Any CPU
		Release|Any CPU = Release|Any CPU
	EndGlobalSection
	GlobalSection(ProjectConfigurationPlatforms) = postSolution
		{671EB045-32BC-4F0A-8F27-6162BC8550B4}.Debug|Any CPU.ActiveCfg = Debug|Any CPU
		{671EB045-32BC-4F0A-8F27-6162BC8550B4}.Debug|Any CPU.Build.0 = Debug|Any CPU
		{671EB045-32BC-4F0A-8F27-6162BC8550B4}.Release|Any CPU.ActiveCfg = Release|Any CPU
		{671EB045-32BC-4F0A-8F27-6162BC8550B4}.Release|Any CPU.Build.0 = Release|Any CPU
		{5C66BB26-59C3-49E1-B637-ED1B0B77C32A}.Debug|Any CPU.ActiveCfg = Debug|Any CPU
		{5C66BB26-59C3-49E1-B637-ED1B0B77C32A}.Debug|Any CPU.Build.0 = Debug|Any CPU
		{5C66BB26-59C3-49E1-B637-ED1B0B77C32A}.Release|Any CPU.ActiveCfg = Release|Any CPU
		{5C66BB26-59C3-49E1-B637-ED1B0B77C32A}.Release|Any CPU.Build.0 = Release|Any CPU
	EndGlobalSection
	GlobalSection(SolutionProperties) = preSolution
		HideSolutionNode = FALSE
	EndGlobalSection
	GlobalSection(ExtensibilityGlobals) = postSolution
		SolutionGuid = {F63F1EEB-3C74-4C7E-A6E2-A8438CF3BD2D}
	EndGlobalSection
EndGlobal
