
Microsoft Visual Studio Solution File, Format Version 12.00
# Visual Studio Version 16
VisualStudioVersion = 16.0.30320.27
MinimumVisualStudioVersion = 10.0.40219.1
Project("{FAE04EC0-301F-11D3-BF4B-00C04F79EFBC}") = "BinarySearchTreeTest", "BinarySearchTreeTest\BinarySearchTreeTest.csproj", "{21EED656-25D2-431F-BC6A-DB4A23C2A401}"
EndProject
Project("{FAE04EC0-301F-11D3-BF4B-00C04F79EFBC}") = "BinarySearch", "BinarySearch\BinarySearch.csproj", "{523F5F8C-AD1C-4800-8881-F6A1B7EA9BC2}"
EndProject
Global
	GlobalSection(SolutionConfigurationPlatforms) = preSolution
		Debug|Any CPU = Debug|Any CPU
		Release|Any CPU = Release|Any CPU
	EndGlobalSection
	GlobalSection(ProjectConfigurationPlatforms) = postSolution
		{21EED656-25D2-431F-BC6A-DB4A23C2A401}.Debug|Any CPU.ActiveCfg = Debug|Any CPU
		{21EED656-25D2-431F-BC6A-DB4A23C2A401}.Debug|Any CPU.Build.0 = Debug|Any CPU
		{21EED656-25D2-431F-BC6A-DB4A23C2A401}.Release|Any CPU.ActiveCfg = Release|Any CPU
		{21EED656-25D2-431F-BC6A-DB4A23C2A401}.Release|Any CPU.Build.0 = Release|Any CPU
		{523F5F8C-AD1C-4800-8881-F6A1B7EA9BC2}.Debug|Any CPU.ActiveCfg = Debug|Any CPU
		{523F5F8C-AD1C-4800-8881-F6A1B7EA9BC2}.Debug|Any CPU.Build.0 = Debug|Any CPU
		{523F5F8C-AD1C-4800-8881-F6A1B7EA9BC2}.Release|Any CPU.ActiveCfg = Release|Any CPU
		{523F5F8C-AD1C-4800-8881-F6A1B7EA9BC2}.Release|Any CPU.Build.0 = Release|Any CPU
	EndGlobalSection
	GlobalSection(SolutionProperties) = preSolution
		HideSolutionNode = FALSE
	EndGlobalSection
	GlobalSection(ExtensibilityGlobals) = postSolution
		SolutionGuid = {F0D4A41C-F3EE-4880-B28B-9B8A37A63405}
	EndGlobalSection
EndGlobal
